
Microsoft Visual Studio Solution File, Format Version 12.00
# Visual Studio Version 17
VisualStudioVersion = 17.5.002.0
MinimumVisualStudioVersion = 10.0.40219.1
Project("{9A19103F-16F7-4668-BE54-9A1E7A4F7556}") = "PeerToPeerChat", "PeerToPeerChat.csproj", "{F387522F-78F2-4F1B-98F5-5D1B4F6EEA41}"
EndProject
Global
	GlobalSection(SolutionConfigurationPlatforms) = preSolution
		Debug|Any CPU = Debug|Any CPU
		Release|Any CPU = Release|Any CPU
	EndGlobalSection
	GlobalSection(ProjectConfigurationPlatforms) = postSolution
		{F387522F-78F2-4F1B-98F5-5D1B4F6EEA41}.Debug|Any CPU.ActiveCfg = Debug|Any CPU
		{F387522F-78F2-4F1B-98F5-5D1B4F6EEA41}.Debug|Any CPU.Build.0 = Debug|Any CPU
		{F387522F-78F2-4F1B-98F5-5D1B4F6EEA41}.Release|Any CPU.ActiveCfg = Release|Any CPU
		{F387522F-78F2-4F1B-98F5-5D1B4F6EEA41}.Release|Any CPU.Build.0 = Release|Any CPU
	EndGlobalSection
	GlobalSection(SolutionProperties) = preSolution
		HideSolutionNode = FALSE
	EndGlobalSection
	GlobalSection(ExtensibilityGlobals) = postSolution
		SolutionGuid = {2B8549C8-ECD1-4E51-89C5-D3BD4019B22A}
	EndGlobalSection
EndGlobal
